
Microsoft Visual Studio Solution File, Format Version 12.00
# Visual Studio Version 16
VisualStudioVersion = 16.0.29806.167
MinimumVisualStudioVersion = 10.0.40219.1
Project("{9A19103F-16F7-4668-BE54-9A1E7A4F7556}") = "Client.Presentation", "Client.Presentation\Client.Presentation.csproj", "{07A5A322-96E9-4F39-A326-28716BB18E67}"
EndProject
Project("{FAE04EC0-301F-11D3-BF4B-00C04F79EFBC}") = "Client.Business", "Client.Business\Client.Business.csproj", "{64DBFDE8-6A3D-443A-9148-A2A408FE12AF}"
EndProject
Project("{FAE04EC0-301F-11D3-BF4B-00C04F79EFBC}") = "Client.Config", "Client.Config\Client.Config.csproj", "{FAE8D8AE-AFC0-4B89-AB47-78BFF9A47DDD}"
EndProject
Global
	GlobalSection(SolutionConfigurationPlatforms) = preSolution
		Debug|Any CPU = Debug|Any CPU
		Release|Any CPU = Release|Any CPU
	EndGlobalSection
	GlobalSection(ProjectConfigurationPlatforms) = postSolution
		{07A5A322-96E9-4F39-A326-28716BB18E67}.Debug|Any CPU.ActiveCfg = Debug|Any CPU
		{07A5A322-96E9-4F39-A326-28716BB18E67}.Debug|Any CPU.Build.0 = Debug|Any CPU
		{07A5A322-96E9-4F39-A326-28716BB18E67}.Release|Any CPU.ActiveCfg = Release|Any CPU
		{07A5A322-96E9-4F39-A326-28716BB18E67}.Release|Any CPU.Build.0 = Release|Any CPU
		{64DBFDE8-6A3D-443A-9148-A2A408FE12AF}.Debug|Any CPU.ActiveCfg = Debug|Any CPU
		{64DBFDE8-6A3D-443A-9148-A2A408FE12AF}.Debug|Any CPU.Build.0 = Debug|Any CPU
		{64DBFDE8-6A3D-443A-9148-A2A408FE12AF}.Release|Any CPU.ActiveCfg = Release|Any CPU
		{64DBFDE8-6A3D-443A-9148-A2A408FE12AF}.Release|Any CPU.Build.0 = Release|Any CPU
		{FAE8D8AE-AFC0-4B89-AB47-78BFF9A47DDD}.Debug|Any CPU.ActiveCfg = Debug|Any CPU
		{FAE8D8AE-AFC0-4B89-AB47-78BFF9A47DDD}.Debug|Any CPU.Build.0 = Debug|Any CPU
		{FAE8D8AE-AFC0-4B89-AB47-78BFF9A47DDD}.Release|Any CPU.ActiveCfg = Release|Any CPU
		{FAE8D8AE-AFC0-4B89-AB47-78BFF9A47DDD}.Release|Any CPU.Build.0 = Release|Any CPU
	EndGlobalSection
	GlobalSection(SolutionProperties) = preSolution
		HideSolutionNode = FALSE
	EndGlobalSection
	GlobalSection(ExtensibilityGlobals) = postSolution
		SolutionGuid = {EC81D6B9-21D0-4682-8C5F-F103D9C00E1C}
	EndGlobalSection
EndGlobal
