
Microsoft Visual Studio Solution File, Format Version 12.00
# Visual Studio Version 16
VisualStudioVersion = 16.0.29324.140
MinimumVisualStudioVersion = 15.0.26124.0
Project("{FAE04EC0-301F-11D3-BF4B-00C04F79EFBC}") = "Client.Presentation", "Client.Presentation\Client.Presentation.csproj", "{635081E7-D032-4296-9614-C4F8A6FAF32B}"
EndProject
Project("{FAE04EC0-301F-11D3-BF4B-00C04F79EFBC}") = "Client.Business", "Client.Business\Client.Business.csproj", "{48BAE8AA-BAE5-43F7-8ABC-2681CF99B3D5}"
EndProject
Global
	GlobalSection(SolutionConfigurationPlatforms) = preSolution
		Debug|Any CPU = Debug|Any CPU
		Debug|x64 = Debug|x64
		Debug|x86 = Debug|x86
		Release|Any CPU = Release|Any CPU
		Release|x64 = Release|x64
		Release|x86 = Release|x86
	EndGlobalSection
	GlobalSection(ProjectConfigurationPlatforms) = postSolution
		{635081E7-D032-4296-9614-C4F8A6FAF32B}.Debug|Any CPU.ActiveCfg = Debug|Any CPU
		{635081E7-D032-4296-9614-C4F8A6FAF32B}.Debug|Any CPU.Build.0 = Debug|Any CPU
		{635081E7-D032-4296-9614-C4F8A6FAF32B}.Debug|x64.ActiveCfg = Debug|Any CPU
		{635081E7-D032-4296-9614-C4F8A6FAF32B}.Debug|x64.Build.0 = Debug|Any CPU
		{635081E7-D032-4296-9614-C4F8A6FAF32B}.Debug|x86.ActiveCfg = Debug|Any CPU
		{635081E7-D032-4296-9614-C4F8A6FAF32B}.Debug|x86.Build.0 = Debug|Any CPU
		{635081E7-D032-4296-9614-C4F8A6FAF32B}.Release|Any CPU.ActiveCfg = Release|Any CPU
		{635081E7-D032-4296-9614-C4F8A6FAF32B}.Release|Any CPU.Build.0 = Release|Any CPU
		{635081E7-D032-4296-9614-C4F8A6FAF32B}.Release|x64.ActiveCfg = Release|Any CPU
		{635081E7-D032-4296-9614-C4F8A6FAF32B}.Release|x64.Build.0 = Release|Any CPU
		{635081E7-D032-4296-9614-C4F8A6FAF32B}.Release|x86.ActiveCfg = Release|Any CPU
		{635081E7-D032-4296-9614-C4F8A6FAF32B}.Release|x86.Build.0 = Release|Any CPU
		{48BAE8AA-BAE5-43F7-8ABC-2681CF99B3D5}.Debug|Any CPU.ActiveCfg = Debug|Any CPU
		{48BAE8AA-BAE5-43F7-8ABC-2681CF99B3D5}.Debug|Any CPU.Build.0 = Debug|Any CPU
		{48BAE8AA-BAE5-43F7-8ABC-2681CF99B3D5}.Debug|x64.ActiveCfg = Debug|Any CPU
		{48BAE8AA-BAE5-43F7-8ABC-2681CF99B3D5}.Debug|x64.Build.0 = Debug|Any CPU
		{48BAE8AA-BAE5-43F7-8ABC-2681CF99B3D5}.Debug|x86.ActiveCfg = Debug|Any CPU
		{48BAE8AA-BAE5-43F7-8ABC-2681CF99B3D5}.Debug|x86.Build.0 = Debug|Any CPU
		{48BAE8AA-BAE5-43F7-8ABC-2681CF99B3D5}.Release|Any CPU.ActiveCfg = Release|Any CPU
		{48BAE8AA-BAE5-43F7-8ABC-2681CF99B3D5}.Release|Any CPU.Build.0 = Release|Any CPU
		{48BAE8AA-BAE5-43F7-8ABC-2681CF99B3D5}.Release|x64.ActiveCfg = Release|Any CPU
		{48BAE8AA-BAE5-43F7-8ABC-2681CF99B3D5}.Release|x64.Build.0 = Release|Any CPU
		{48BAE8AA-BAE5-43F7-8ABC-2681CF99B3D5}.Release|x86.ActiveCfg = Release|Any CPU
		{48BAE8AA-BAE5-43F7-8ABC-2681CF99B3D5}.Release|x86.Build.0 = Release|Any CPU
	EndGlobalSection
	GlobalSection(SolutionProperties) = preSolution
		HideSolutionNode = FALSE
	EndGlobalSection
	GlobalSection(ExtensibilityGlobals) = postSolution
		SolutionGuid = {9EC68660-A262-4C90-A3B3-D5C0A264E60A}
	EndGlobalSection
EndGlobal
